
Microsoft Visual Studio Solution File, Format Version 12.00
# Visual Studio Version 16
VisualStudioVersion = 25.0.1706.7
MinimumVisualStudioVersion = 10.0.40219.1
Project("{FAE04EC0-301F-11D3-BF4B-00C04F79EFBC}") = "SessionTestProject", "SessionTestProject\SessionTestProject.csproj", "{52778533-5569-4586-9278-6329E0BD1476}"
EndProject
Global
	GlobalSection(SolutionConfigurationPlatforms) = preSolution
		Debug|Any CPU = Debug|Any CPU
		Release|Any CPU = Release|Any CPU
	EndGlobalSection
	GlobalSection(ProjectConfigurationPlatforms) = postSolution
		{52778533-5569-4586-9278-6329E0BD1476}.Debug|Any CPU.ActiveCfg = Debug|Any CPU
		{52778533-5569-4586-9278-6329E0BD1476}.Debug|Any CPU.Build.0 = Debug|Any CPU
		{52778533-5569-4586-9278-6329E0BD1476}.Release|Any CPU.ActiveCfg = Release|Any CPU
		{52778533-5569-4586-9278-6329E0BD1476}.Release|Any CPU.Build.0 = Release|Any CPU
	EndGlobalSection
	GlobalSection(SolutionProperties) = preSolution
		HideSolutionNode = FALSE
	EndGlobalSection
	GlobalSection(ExtensibilityGlobals) = postSolution
		SolutionGuid = {08B22337-B45C-47C1-B169-5F1D522D2408}
	EndGlobalSection
EndGlobal
